
Microsoft Visual Studio Solution File, Format Version 12.00
# Visual Studio Version 16
VisualStudioVersion = 16.0.30611.23
MinimumVisualStudioVersion = 10.0.40219.1
Project("{FAE04EC0-301F-11D3-BF4B-00C04F79EFBC}") = "BGF.App", "BGF.App\BGF.App.csproj", "{7D129D3F-4D6F-44F5-9B9E-91E48FF2D882}"
EndProject
Global
	GlobalSection(SolutionConfigurationPlatforms) = preSolution
		Debug|Any CPU = Debug|Any CPU
		Release|Any CPU = Release|Any CPU
	EndGlobalSection
	GlobalSection(ProjectConfigurationPlatforms) = postSolution
		{7D129D3F-4D6F-44F5-9B9E-91E48FF2D882}.Debug|Any CPU.ActiveCfg = Debug|Any CPU
		{7D129D3F-4D6F-44F5-9B9E-91E48FF2D882}.Debug|Any CPU.Build.0 = Debug|Any CPU
		{7D129D3F-4D6F-44F5-9B9E-91E48FF2D882}.Release|Any CPU.ActiveCfg = Release|Any CPU
		{7D129D3F-4D6F-44F5-9B9E-91E48FF2D882}.Release|Any CPU.Build.0 = Release|Any CPU
	EndGlobalSection
	GlobalSection(SolutionProperties) = preSolution
		HideSolutionNode = FALSE
	EndGlobalSection
	GlobalSection(ExtensibilityGlobals) = postSolution
		SolutionGuid = {C95AE542-4A66-4B87-A8D8-5EF3D043187B}
	EndGlobalSection
EndGlobal
